// !$*UTF8*$!
{
	archiveVersion = 1;
	classes = {
	};
	objectVersion = 46;
	objects = {

/* Begin PBXBuildFile section */
		9C5A37DF1DD5BDC500665775 /* AppDelegate.m in Sources */ = {isa = PBXBuildFile; fileRef = 9C5A37D21DD5BDC500665775 /* AppDelegate.m */; };
		9C5A37E01DD5BDC500665775 /* Assets.xcassets in Resources */ = {isa = PBXBuildFile; fileRef = 9C5A37D31DD5BDC500665775 /* Assets.xcassets */; };
		9C5A37E11DD5BDC500665775 /* LaunchScreen.storyboard in Resources */ = {isa = PBXBuildFile; fileRef = 9C5A37D51DD5BDC500665775 /* LaunchScreen.storyboard */; };
		9C5A37E21DD5BDC500665775 /* Info.plist in Resources */ = {isa = PBXBuildFile; fileRef = 9C5A37D71DD5BDC500665775 /* Info.plist */; };
		9C5A37E31DD5BDC500665775 /* main.m in Sources */ = {isa = PBXBuildFile; fileRef = 9C5A37D81DD5BDC500665775 /* main.m */; };
		9C5A37E41DD5BDC500665775 /* pic_001.png in Resources */ = {isa = PBXBuildFile; fileRef = 9C5A37D91DD5BDC500665775 /* pic_001.png */; };
		9C5A37E51DD5BDC500665775 /* TestVCViewController.m in Sources */ = {isa = PBXBuildFile; fileRef = 9C5A37DB1DD5BDC500665775 /* TestVCViewController.m */; };
		9C5A37E61DD5BDC500665775 /* TYZRichTabView.m in Sources */ = {isa = PBXBuildFile; fileRef = 9C5A37DE1DD5BDC500665775 /* TYZRichTabView.m */; };
/* End PBXBuildFile section */

/* Begin PBXFileReference section */
		9C3E21901DD1C2A20065A6DC /* TYZRichTabView.app */ = {isa = PBXFileReference; explicitFileType = wrapper.application; includeInIndex = 0; path = TYZRichTabView.app; sourceTree = BUILT_PRODUCTS_DIR; };
		9C5A37D11DD5BDC500665775 /* AppDelegate.h */ = {isa = PBXFileReference; fileEncoding = 4; lastKnownFileType = sourcecode.c.h; name = AppDelegate.h; path = TYZRichTabView/AppDelegate.h; sourceTree = SOURCE_ROOT; };
		9C5A37D21DD5BDC500665775 /* AppDelegate.m */ = {isa = PBXFileReference; fileEncoding = 4; lastKnownFileType = sourcecode.c.objc; name = AppDelegate.m; path = TYZRichTabView/AppDelegate.m; sourceTree = SOURCE_ROOT; };
		9C5A37D31DD5BDC500665775 /* Assets.xcassets */ = {isa = PBXFileReference; lastKnownFileType = folder.assetcatalog; name = Assets.xcassets; path = TYZRichTabView/Assets.xcassets; sourceTree = SOURCE_ROOT; };
		9C5A37D61DD5BDC500665775 /* Base */ = {isa = PBXFileReference; lastKnownFileType = file.storyboard; name = Base; path = LaunchScreen.storyboard; sourceTree = "<group>"; };
		9C5A37D71DD5BDC500665775 /* Info.plist */ = {isa = PBXFileReference; fileEncoding = 4; lastKnownFileType = text.plist.xml; name = Info.plist; path = TYZRichTabView/Info.plist; sourceTree = SOURCE_ROOT; };
		9C5A37D81DD5BDC500665775 /* main.m */ = {isa = PBXFileReference; fileEncoding = 4; lastKnownFileType = sourcecode.c.objc; name = main.m; path = TYZRichTabView/main.m; sourceTree = SOURCE_ROOT; };
		9C5A37D91DD5BDC500665775 /* pic_001.png */ = {isa = PBXFileReference; lastKnownFileType = image.png; name = pic_001.png; path = TYZRichTabView/pic_001.png; sourceTree = SOURCE_ROOT; };
		9C5A37DA1DD5BDC500665775 /* TestVCViewController.h */ = {isa = PBXFileReference; fileEncoding = 4; lastKnownFileType = sourcecode.c.h; name = TestVCViewController.h; path = TYZRichTabView/TestVCViewController.h; sourceTree = SOURCE_ROOT; };
		9C5A37DB1DD5BDC500665775 /* TestVCViewController.m */ = {isa = PBXFileReference; fileEncoding = 4; lastKnownFileType = sourcecode.c.objc; name = TestVCViewController.m; path = TYZRichTabView/TestVCViewController.m; sourceTree = SOURCE_ROOT; };
		9C5A37DD1DD5BDC500665775 /* TYZRichTabView.h */ = {isa = PBXFileReference; fileEncoding = 4; lastKnownFileType = sourcecode.c.h; path = TYZRichTabView.h; sourceTree = "<group>"; };
		9C5A37DE1DD5BDC500665775 /* TYZRichTabView.m */ = {isa = PBXFileReference; fileEncoding = 4; lastKnownFileType = sourcecode.c.objc; path = TYZRichTabView.m; sourceTree = "<group>"; };
/* End PBXFileReference section */

/* Begin PBXFrameworksBuildPhase section */
		9C3E218D1DD1C2A20065A6DC /* Frameworks */ = {
			isa = PBXFrameworksBuildPhase;
			buildActionMask = 2147483647;
			files = (
			);
			runOnlyForDeploymentPostprocessing = 0;
		};
/* End PBXFrameworksBuildPhase section */

/* Begin PBXGroup section */
		9C3E21871DD1C2A20065A6DC = {
			isa = PBXGroup;
			children = (
				9C3E21921DD1C2A20065A6DC /* TYZRichTabView */,
				9C3E21911DD1C2A20065A6DC /* Products */,
			);
			sourceTree = "<group>";
		};
		9C3E21911DD1C2A20065A6DC /* Products */ = {
			isa = PBXGroup;
			children = (
				9C3E21901DD1C2A20065A6DC /* TYZRichTabView.app */,
			);
			name = Products;
			sourceTree = "<group>";
		};
		9C3E21921DD1C2A20065A6DC /* TYZRichTabView */ = {
			isa = PBXGroup;
			children = (
				9C5A37D11DD5BDC500665775 /* AppDelegate.h */,
				9C5A37D21DD5BDC500665775 /* AppDelegate.m */,
				9C5A37D31DD5BDC500665775 /* Assets.xcassets */,
				9C5A37D41DD5BDC500665775 /* Base.lproj */,
				9C5A37D71DD5BDC500665775 /* Info.plist */,
				9C5A37D81DD5BDC500665775 /* main.m */,
				9C5A37D91DD5BDC500665775 /* pic_001.png */,
				9C5A37DA1DD5BDC500665775 /* TestVCViewController.h */,
				9C5A37DB1DD5BDC500665775 /* TestVCViewController.m */,
				9C5A37DC1DD5BDC500665775 /* TYZRichTabView */,
			);
			name = TYZRichTabView;
			path = Test;
			sourceTree = "<group>";
		};
		9C5A37D41DD5BDC500665775 /* Base.lproj */ = {
			isa = PBXGroup;
			children = (
				9C5A37D51DD5BDC500665775 /* LaunchScreen.storyboard */,
			);
			name = Base.lproj;
			path = TYZRichTabView/Base.lproj;
			sourceTree = SOURCE_ROOT;
		};
		9C5A37DC1DD5BDC500665775 /* TYZRichTabView */ = {
			isa = PBXGroup;
			children = (
				9C5A37DD1DD5BDC500665775 /* TYZRichTabView.h */,
				9C5A37DE1DD5BDC500665775 /* TYZRichTabView.m */,
			);
			name = TYZRichTabView;
			path = TYZRichTabView/TYZRichTabView;
			sourceTree = SOURCE_ROOT;
		};
/* End PBXGroup section */

/* Begin PBXNativeTarget section */
		9C3E218F1DD1C2A20065A6DC /* TYZRichTabView */ = {
			isa = PBXNativeTarget;
			buildConfigurationList = 9C3E21A71DD1C2A30065A6DC /* Build configuration list for PBXNativeTarget "TYZRichTabView" */;
			buildPhases = (
				9C3E218C1DD1C2A20065A6DC /* Sources */,
				9C3E218D1DD1C2A20065A6DC /* Frameworks */,
				9C3E218E1DD1C2A20065A6DC /* Resources */,
			);
			buildRules = (
			);
			dependencies = (
			);
			name = TYZRichTabView;
			productName = Test;
			productReference = 9C3E21901DD1C2A20065A6DC /* TYZRichTabView.app */;
			productType = "com.apple.product-type.application";
		};
/* End PBXNativeTarget section */

/* Begin PBXProject section */
		9C3E21881DD1C2A20065A6DC /* Project object */ = {
			isa = PBXProject;
			attributes = {
				LastUpgradeCheck = 0800;
				ORGANIZATIONNAME = Tywin;
				TargetAttributes = {
					9C3E218F1DD1C2A20065A6DC = {
						CreatedOnToolsVersion = 8.0;
						ProvisioningStyle = Automatic;
					};
				};
			};
			buildConfigurationList = 9C3E218B1DD1C2A20065A6DC /* Build configuration list for PBXProject "TYZRichTabView" */;
			compatibilityVersion = "Xcode 3.2";
			developmentRegion = English;
			hasScannedForEncodings = 0;
			knownRegions = (
				en,
				Base,
			);
			mainGroup = 9C3E21871DD1C2A20065A6DC;
			productRefGroup = 9C3E21911DD1C2A20065A6DC /* Products */;
			projectDirPath = "";
			projectRoot = "";
			targets = (
				9C3E218F1DD1C2A20065A6DC /* TYZRichTabView */,
			);
		};
/* End PBXProject section */

/* Begin PBXResourcesBuildPhase section */
		9C3E218E1DD1C2A20065A6DC /* Resources */ = {
			isa = PBXResourcesBuildPhase;
			buildActionMask = 2147483647;
			files = (
				9C5A37E21DD5BDC500665775 /* Info.plist in Resources */,
				9C5A37E01DD5BDC500665775 /* Assets.xcassets in Resources */,
				9C5A37E41DD5BDC500665775 /* pic_001.png in Resources */,
				9C5A37E11DD5BDC500665775 /* LaunchScreen.storyboard in Resources */,
			);
			runOnlyForDeploymentPostprocessing = 0;
		};
/* End PBXResourcesBuildPhase section */

/* Begin PBXSourcesBuildPhase section */
		9C3E218C1DD1C2A20065A6DC /* Sources */ = {
			isa = PBXSourcesBuildPhase;
			buildActionMask = 2147483647;
			files = (
				9C5A37E51DD5BDC500665775 /* TestVCViewController.m in Sources */,
				9C5A37E61DD5BDC500665775 /* TYZRichTabView.m in Sources */,
				9C5A37E31DD5BDC500665775 /* main.m in Sources */,
				9C5A37DF1DD5BDC500665775 /* AppDelegate.m in Sources */,
			);
			runOnlyForDeploymentPostprocessing = 0;
		};
/* End PBXSourcesBuildPhase section */

/* Begin PBXVariantGroup section */
		9C5A37D51DD5BDC500665775 /* LaunchScreen.storyboard */ = {
			isa = PBXVariantGroup;
			children = (
				9C5A37D61DD5BDC500665775 /* Base */,
			);
			name = LaunchScreen.storyboard;
			sourceTree = "<group>";
		};
/* End PBXVariantGroup section */

/* Begin XCBuildConfiguration section */
		9C3E21A51DD1C2A30065A6DC /* Debug */ = {
			isa = XCBuildConfiguration;
			buildSettings = {
				ALWAYS_SEARCH_USER_PATHS = NO;
				CLANG_ANALYZER_NONNULL = YES;
				CLANG_CXX_LANGUAGE_STANDARD = "gnu++0x";
				CLANG_CXX_LIBRARY = "libc++";
				CLANG_ENABLE_MODULES = YES;
				CLANG_ENABLE_OBJC_ARC = YES;
				CLANG_WARN_BOOL_CONVERSION = YES;
				CLANG_WARN_CONSTANT_CONVERSION = YES;
				CLANG_WARN_DIRECT_OBJC_ISA_USAGE = YES_ERROR;
				CLANG_WARN_DOCUMENTATION_COMMENTS = YES;
				CLANG_WARN_EMPTY_BODY = YES;
				CLANG_WARN_ENUM_CONVERSION = YES;
				CLANG_WARN_INFINITE_RECURSION = YES;
				CLANG_WARN_INT_CONVERSION = YES;
				CLANG_WARN_OBJC_ROOT_CLASS = YES_ERROR;
				CLANG_WARN_SUSPICIOUS_MOVES = YES;
				CLANG_WARN_UNREACHABLE_CODE = YES;
				CLANG_WARN__DUPLICATE_METHOD_MATCH = YES;
				"CODE_SIGN_IDENTITY[sdk=iphoneos*]" = "iPhone Developer";
				COPY_PHASE_STRIP = NO;
				DEBUG_INFORMATION_FORMAT = dwarf;
				ENABLE_STRICT_OBJC_MSGSEND = YES;
				ENABLE_TESTABILITY = YES;
				GCC_C_LANGUAGE_STANDARD = gnu99;
				GCC_DYNAMIC_NO_PIC = NO;
				GCC_NO_COMMON_BLOCKS = YES;
				GCC_OPTIMIZATION_LEVEL = 0;
				GCC_PREPROCESSOR_DEFINITIONS = (
					"DEBUG=1",
					"$(inherited)",
				);
				GCC_WARN_64_TO_32_BIT_CONVERSION = YES;
				GCC_WARN_ABOUT_RETURN_TYPE = YES_ERROR;
				GCC_WARN_UNDECLARED_SELECTOR = YES;
				GCC_WARN_UNINITIALIZED_AUTOS = YES_AGGRESSIVE;
				GCC_WARN_UNUSED_FUNCTION = YES;
				GCC_WARN_UNUSED_VARIABLE = YES;
				IPHONEOS_DEPLOYMENT_TARGET = 10.0;
				MTL_ENABLE_DEBUG_INFO = YES;
				ONLY_ACTIVE_ARCH = YES;
				SDKROOT = iphoneos;
			};
			name = Debug;
		};
		9C3E21A61DD1C2A30065A6DC /* Release */ = {
			isa = XCBuildConfiguration;
			buildSettings = {
				ALWAYS_SEARCH_USER_PATHS = NO;
				CLANG_ANALYZER_NONNULL = YES;
				CLANG_CXX_LANGUAGE_STANDARD = "gnu++0x";
				CLANG_CXX_LIBRARY = "libc++";
				CLANG_ENABLE_MODULES = YES;
				CLANG_ENABLE_OBJC_ARC = YES;
				CLANG_WARN_BOOL_CONVERSION = YES;
				CLANG_WARN_CONSTANT_CONVERSION = YES;
				CLANG_WARN_DIRECT_OBJC_ISA_USAGE = YES_ERROR;
				CLANG_WARN_DOCUMENTATION_COMMENTS = YES;
				CLANG_WARN_EMPTY_BODY = YES;
				CLANG_WARN_ENUM_CONVERSION = YES;
				CLANG_WARN_INFINITE_RECURSION = YES;
				CLANG_WARN_INT_CONVERSION = YES;
				CLANG_WARN_OBJC_ROOT_CLASS = YES_ERROR;
				CLANG_WARN_SUSPICIOUS_MOVES = YES;
				CLANG_WARN_UNREACHABLE_CODE = YES;
				CLANG_WARN__DUPLICATE_METHOD_MATCH = YES;
				"CODE_SIGN_IDENTITY[sdk=iphoneos*]" = "iPhone Developer";
				COPY_PHASE_STRIP = NO;
				DEBUG_INFORMATION_FORMAT = "dwarf-with-dsym";
				ENABLE_NS_ASSERTIONS = NO;
				ENABLE_STRICT_OBJC_MSGSEND = YES;
				GCC_C_LANGUAGE_STANDARD = gnu99;
				GCC_NO_COMMON_BLOCKS = YES;
				GCC_WARN_64_TO_32_BIT_CONVERSION = YES;
				GCC_WARN_ABOUT_RETURN_TYPE = YES_ERROR;
				GCC_WARN_UNDECLARED_SELECTOR = YES;
				GCC_WARN_UNINITIALIZED_AUTOS = YES_AGGRESSIVE;
				GCC_WARN_UNUSED_FUNCTION = YES;
				GCC_WARN_UNUSED_VARIABLE = YES;
				IPHONEOS_DEPLOYMENT_TARGET = 10.0;
				MTL_ENABLE_DEBUG_INFO = NO;
				SDKROOT = iphoneos;
				VALIDATE_PRODUCT = YES;
			};
			name = Release;
		};
		9C3E21A81DD1C2A30065A6DC /* Debug */ = {
			isa = XCBuildConfiguration;
			buildSettings = {
				ASSETCATALOG_COMPILER_APPICON_NAME = AppIcon;
				INFOPLIST_FILE = TYZRichTabView/Info.plist;
				LD_RUNPATH_SEARCH_PATHS = "$(inherited) @executable_path/Frameworks";
				PRODUCT_BUNDLE_IDENTIFIER = Tywin.TYZRichTabView;
				PRODUCT_NAME = "$(TARGET_NAME)";
			};
			name = Debug;
		};
		9C3E21A91DD1C2A30065A6DC /* Release */ = {
			isa = XCBuildConfiguration;
			buildSettings = {
				ASSETCATALOG_COMPILER_APPICON_NAME = AppIcon;
				INFOPLIST_FILE = TYZRichTabView/Info.plist;
				LD_RUNPATH_SEARCH_PATHS = "$(inherited) @executable_path/Frameworks";
				PRODUCT_BUNDLE_IDENTIFIER = Tywin.TYZRichTabView;
				PRODUCT_NAME = "$(TARGET_NAME)";
			};
			name = Release;
		};
/* End XCBuildConfiguration section */

/* Begin XCConfigurationList section */
		9C3E218B1DD1C2A20065A6DC /* Build configuration list for PBXProject "TYZRichTabView" */ = {
			isa = XCConfigurationList;
			buildConfigurations = (
				9C3E21A51DD1C2A30065A6DC /* Debug */,
				9C3E21A61DD1C2A30065A6DC /* Release */,
			);
			defaultConfigurationIsVisible = 0;
			defaultConfigurationName = Release;
		};
		9C3E21A71DD1C2A30065A6DC /* Build configuration list for PBXNativeTarget "TYZRichTabView" */ = {
			isa = XCConfigurationList;
			buildConfigurations = (
				9C3E21A81DD1C2A30065A6DC /* Debug */,
				9C3E21A91DD1C2A30065A6DC /* Release */,
			);
			defaultConfigurationIsVisible = 0;
			defaultConfigurationName = Release;
		};
/* End XCConfigurationList section */
	};
	rootObject = 9C3E21881DD1C2A20065A6DC /* Project object */;
}
